<?xml version="1.0" encoding="utf-8"?>
<Project ToolsVersion="4.0" xmlns="http://schemas.microsoft.com/developer/msbuild/2003">
  <ItemGroup>
    <ClCompile Include="Application.cpp" />
    <ClCompile Include="Script\UI\PauseUI\BGMVolumeBarUI.cpp" />
    <ClCompile Include="Script\UI\PauseUI\PauseExitUI.cpp" />
    <ClCompile Include="Script\UI\PauseUI\PauseRetryUI.cpp" />
    <ClCompile Include="Script\UI\PauseUI\PauseUI.cpp" />
    <ClCompile Include="Script\Floor\Floor_03.cpp" />
    <ClCompile Include="Script\Floor\Floor_02.cpp" />
    <ClCompile Include="Script\Object\GameBackground.cpp" />
    <ClCompile Include="Manager\InputManager.cpp" />
    <ClCompile Include="Script\UI\CreditUI\CreditBackground.cpp" />
    <ClCompile Include="Script\UI\CreditUI\CreditText.cpp" />
    <ClCompile Include="Script\UI\InGameUI\InGameHumanBox.cpp" />
    <ClCompile Include="Script\UI\InGameUI\InGameGaugeSkillUI.cpp" />
    <ClCompile Include="Script\UI\InGameUI\InGameHumanListUI.cpp" />
    <ClCompile Include="Script\UI\InGameUI\InGameSkillUI.cpp" />
    <ClCompile Include="Script\UI\InGameUI\InGameTimeUI.cpp" />
    <ClCompile Include="Script\UI\InGameUI\InGameUI.cpp" />
    <ClCompile Include="Script\CameraController.cpp" />
    <ClCompile Include="Script\Floor\FloorBase.cpp" />
    <ClCompile Include="Contents.h" />
    <ClCompile Include="Script\Object\Human\Human.cpp" />
    <ClCompile Include="Manager\FadeSystem.cpp" />
    <ClCompile Include="Script\Floor\Floor_01.cpp" />
    <ClCompile Include="ResourceLoad\LoadAnimation.cpp" />
    <ClCompile Include="ResourceLoad\LoadResource.cpp" />
    <ClCompile Include="Script\Object\Player\Player.cpp" />
    <ClCompile Include="Script\UI\ButtonUI.cpp" />
    <ClCompile Include="Script\Object\BoxObject.cpp" />
    <ClCompile Include="Script\Object\CircleObject.cpp" />
    <ClCompile Include="Script\UI\IntroSceneUI\IntroBackground.cpp" />
    <ClCompile Include="Script\UI\IntroSceneUI\IntroSceneText.cpp" />
    <ClCompile Include="ResourceLoad\LoadSprite.cpp" />
    <ClCompile Include="Script\UI\TitleUI\CreditButton.cpp" />
    <ClCompile Include="Script\UI\TitleUI\ExitButton.cpp" />
    <ClCompile Include="Script\UI\TitleUI\StartButton.cpp" />
    <ClCompile Include="Script\UI\TitleUI\TitleBackground.cpp" />
    <ClCompile Include="Script\UI\TitleUI\TitleLogo.cpp" />
    <ClCompile Include="Script\UI\TextUI.cpp" />
    <ClCompile Include="Script\UI\TitleUI\TitlePlayerUI.cpp" />
    <ClCompile Include="World\StageBase.cpp" />
    <ClCompile Include="Script\UI\PauseUI\SFXVolumeBarUI.cpp" />
    <ClCompile Include="WorldHeaders.h" />
    <ClCompile Include="World\Credit.cpp" />
    <ClCompile Include="World\IntroScene_01.cpp" />
    <ClCompile Include="Manager\GameManager.cpp" />
    <ClCompile Include="Script\Effect\EffectBase.cpp" />
    <ClCompile Include="Main.cpp" />
    <ClCompile Include="Script\Object\ObjectBase.cpp" />
    <ClCompile Include="Script\TestScript.cpp" />
    <ClCompile Include="Script\UI\UIBase.cpp" />
    <ClCompile Include="World\Title.cpp" />
    <ClCompile Include="World\Stage_03.cpp" />
    <ClCompile Include="World\Stage_02.cpp" />
    <ClCompile Include="World\Stage_01.cpp" />
    <ClCompile Include="World\Test.cpp" />
    <ClCompile Include="Script\Object\IFSMObjectCore.cpp" />
    <ClCompile Include="Manager\UIManager.cpp" />
    <ClCompile Include="Script\UI\PauseUI\PauseUIBase.cpp" />
    <ClCompile Include="Script\UI\PauseUI\PauseLogoUI.cpp" />
    <ClCompile Include="InteractiveObjectsHeader.h" />
    <ClCompile Include="Script\Object\InteractiveObject\MovingObject\oldBook\OldBook.cpp" />
    <ClCompile Include="Script\Object\InteractiveObject\DisposableObject\bottle\Bottle.cpp" />
    <ClCompile Include="Script\Object\InteractiveObject\DisposableObject\candleLight\CandleLight.cpp" />
    <ClCompile Include="Script\Object\InteractiveObject\DisposableObject\chandelier\Chandelier.cpp" />
    <ClCompile Include="Script\Object\InteractiveObject\DisposableObject\pot\Pot.cpp" />
    <ClCompile Include="Script\Object\InteractiveObject\DisposableObject\s_frame01\S_frame01.cpp" />
    <ClCompile Include="Script\Object\InteractiveObject\DisposableObject\s_lamp\S_lamp.cpp" />
    <ClCompile Include="Script\Object\InteractiveObject\DisposableObject\teaCup\TeaCup.cpp" />
    <ClCompile Include="Script\Object\InteractiveObject\DisposableObject\DisposableObject.cpp" />
    <ClCompile Include="Script\Object\InteractiveObject\FixedObject\bed\Bed.cpp" />
    <ClCompile Include="Script\Object\InteractiveObject\FixedObject\clock_big\Clock_big.cpp" />
    <ClCompile Include="Script\Object\InteractiveObject\FixedObject\m_window01\M_window01.cpp" />
    <ClCompile Include="Script\Object\InteractiveObject\FixedObject\mannequin\Mannequin.cpp" />
    <ClCompile Include="Script\Object\InteractiveObject\FixedObject\mirror_01\Mirror_01.cpp" />
    <ClCompile Include="Script\Object\InteractiveObject\FixedObject\piano\Piano.cpp" />
    <ClCompile Include="Script\Object\InteractiveObject\FixedObject\statue\Statue.cpp" />
    <ClCompile Include="Script\Object\InteractiveObject\FixedObject\TV\TV.cpp" />
    <ClCompile Include="Script\Object\InteractiveObject\FixedObject\FixedObject.cpp" />
    <ClCompile Include="Script\Object\InteractiveObject\MovingObject\broom\Broom.cpp" />
    <ClCompile Include="Script\Object\InteractiveObject\MovingObject\chair\Chair.cpp" />
    <ClCompile Include="Script\Object\InteractiveObject\MovingObject\doll\Doll.cpp" />
    <ClCompile Include="Script\Object\InteractiveObject\MovingObject\MovingObject.cpp" />
    <ClCompile Include="Script\Object\InteractiveObject\InteractiveObject.cpp" />
    <ClCompile Include="World\LoadingScene.cpp" />
    <ClCompile Include="Script\UI\LoadingUI\LoadingUI.cpp" />
    <ClCompile Include="Script\Object\Cat\Cat.cpp" />
    <ClCompile Include="Script\UI\LoadingUI\LoadingText.cpp" />
    <ClCompile Include="Script\Timer.cpp" />
    <ClCompile Include="Script\Object\Light\Light.cpp" />
    <ClCompile Include="Script\UI\ClearUI\ClearUI.cpp" />
    <ClCompile Include="Script\UI\ClearUI\ClearLogoUI.cpp" />
    <ClCompile Include="Script\Object\Human\HumanFSM\Idle_Human.cpp" />
    <ClCompile Include="Script\Object\Human\HumanFSM\Walk_Human.cpp" />
    <ClCompile Include="Script\Object\Human\HumanFSM\Run_Human.cpp" />
    <ClCompile Include="Script\Object\Human\HumanFSM\Surprise_Human.cpp" />
    <ClCompile Include="Script\Object\Human\HumanFSM\HumanFSMBase.cpp" />
    <ClCompile Include="Script\Object\InteractiveObject\DisposableObject\FallingObject.cpp" />
    <ClCompile Include="Script\Object\InteractiveObject\DisposableObject\NonFallingObject.cpp" />
  </ItemGroup>
  <ItemGroup>
    <ClInclude Include="Application.h" />
    <ClInclude Include="Script\CustomInput.h" />
    <ClInclude Include="Script\UI\PauseUI\BGMVolumeBarUI.h" />
    <ClInclude Include="Script\UI\PauseUI\PauseExitUI.h" />
    <ClInclude Include="Script\UI\PauseUI\PauseRetryUI.h" />
    <ClInclude Include="Script\UI\PauseUI\PauseUI.h" />
    <ClInclude Include="Script\Floor\Floor_03.h" />
    <ClInclude Include="Script\Floor\Floor_02.h" />
    <ClInclude Include="Script\Object\GameBackground.h" />
    <ClInclude Include="Manager\InputManager.h" />
    <ClInclude Include="Script\UI\CreditUI\CreditBackground.h" />
    <ClInclude Include="Script\UI\CreditUI\CreditText.h" />
    <ClInclude Include="Script\UI\InGameUI\InGameHumanBox.h" />
    <ClInclude Include="Script\UI\InGameUI\InGameGaugeSkillUI.h" />
    <ClInclude Include="Script\UI\InGameUI\InGameHumanListUI.h" />
    <ClInclude Include="Script\UI\InGameUI\InGameSkillUI.h" />
    <ClInclude Include="Script\UI\InGameUI\InGameTimeUI.h" />
    <ClInclude Include="Script\UI\InGameUI\InGameUI.h" />
    <ClInclude Include="Script\CameraController.h" />
    <ClInclude Include="Script\Floor\FloorBase.h" />
    <ClInclude Include="Script\Object\Human\Human.h" />
    <ClInclude Include="Manager\FadeSystem.h" />
    <ClInclude Include="Script\Floor\Floor_01.h" />
    <ClInclude Include="ResourceLoad\LoadAnimation.h" />
    <ClInclude Include="Resource.h" />
    <ClInclude Include="ResourceLoad\LoadResource.h" />
    <ClInclude Include="Script\Object\Player\Player.h" />
    <ClInclude Include="Script\UI\ButtonUI.h" />
    <ClInclude Include="Script\Object\BoxObject.h" />
    <ClInclude Include="Script\Object\CircleObject.h" />
    <ClInclude Include="Script\UI\IntroSceneUI\IntroBackground.h" />
    <ClInclude Include="Script\UI\IntroSceneUI\IntroSceneText.h" />
    <ClInclude Include="ResourceLoad\LoadSprite.h" />
    <ClInclude Include="Script\UI\TitleUI\CreditButton.h" />
    <ClInclude Include="Script\UI\TitleUI\ExitButton.h" />
    <ClInclude Include="Script\UI\TitleUI\StartButton.h" />
    <ClInclude Include="Script\UI\TitleUI\TitleBackground.h" />
    <ClInclude Include="Script\UI\TitleUI\TitleLogo.h" />
    <ClInclude Include="Script\UI\TextUI.h" />
    <ClInclude Include="Script\UI\TitleUI\TitlePlayerUI.h" />
    <ClInclude Include="World\StageBase.h" />
    <ClInclude Include="Script\UI\PauseUI\SFXVolumeBarUI.h" />
    <ClInclude Include="World\Credit.h" />
    <ClInclude Include="World\IntroScene_01.h" />
    <ClInclude Include="Manager\GameManager.h" />
    <ClInclude Include="Script\Effect\EffectBase.h" />
    <ClInclude Include="Script\Object\ObjectBase.h" />
    <ClInclude Include="ScriptHeaders.h" />
    <ClInclude Include="Script\TestScript.h" />
    <ClInclude Include="Script\UI\UIBase.h" />
    <ClInclude Include="World\Title.h" />
    <ClInclude Include="World\Stage_03.h" />
    <ClInclude Include="World\Stage_02.h" />
    <ClInclude Include="World\Stage_01.h" />
    <ClInclude Include="World\Test.h" />
    <ClInclude Include="Script\Object\IFSMObjectCore.h" />
    <ClInclude Include="Manager\UIManager.h" />
    <ClInclude Include="Script\UI\PauseUI\PauseUIBase.h" />
    <ClInclude Include="Script\UI\PauseUI\PauseLogoUI.h" />
    <ClInclude Include="UIHeader.h" />
    <ClInclude Include="Script\Object\InteractiveObject\MovingObject\oldBook\OldBook.h" />
    <ClInclude Include="Script\Object\InteractiveObject\DisposableObject\bottle\Bottle.h" />
    <ClInclude Include="Script\Object\InteractiveObject\DisposableObject\candleLight\CandleLight.h" />
    <ClInclude Include="Script\Object\InteractiveObject\DisposableObject\chandelier\Chandelier.h" />
    <ClInclude Include="Script\Object\InteractiveObject\DisposableObject\pot\Pot.h" />
    <ClInclude Include="Script\Object\InteractiveObject\DisposableObject\s_frame01\S_frame01.h" />
    <ClInclude Include="Script\Object\InteractiveObject\DisposableObject\s_lamp\S_lamp.h" />
    <ClInclude Include="Script\Object\InteractiveObject\DisposableObject\teaCup\TeaCup.h" />
    <ClInclude Include="Script\Object\InteractiveObject\DisposableObject\DisposableObject.h" />
    <ClInclude Include="Script\Object\InteractiveObject\FixedObject\bed\Bed.h" />
    <ClInclude Include="Script\Object\InteractiveObject\FixedObject\clock_big\Clock_big.h" />
    <ClInclude Include="Script\Object\InteractiveObject\FixedObject\m_window01\M_window01.h" />
    <ClInclude Include="Script\Object\InteractiveObject\FixedObject\mannequin\Mannequin.h" />
    <ClInclude Include="Script\Object\InteractiveObject\FixedObject\mirror_01\Mirror_01.h" />
    <ClInclude Include="Script\Object\InteractiveObject\FixedObject\piano\Piano.h" />
    <ClInclude Include="Script\Object\InteractiveObject\FixedObject\statue\Statue.h" />
    <ClInclude Include="Script\Object\InteractiveObject\FixedObject\TV\TV.h" />
    <ClInclude Include="Script\Object\InteractiveObject\FixedObject\FixedObject.h" />
    <ClInclude Include="Script\Object\InteractiveObject\MovingObject\broom\Broom.h" />
    <ClInclude Include="Script\Object\InteractiveObject\MovingObject\chair\Chair.h" />
    <ClInclude Include="Script\Object\InteractiveObject\MovingObject\doll\Doll.h" />
    <ClInclude Include="Script\Object\InteractiveObject\MovingObject\MovingObject.h" />
    <ClInclude Include="Script\Object\InteractiveObject\InteractiveObject.h" />
    <ClInclude Include="Script\Object\Cat\Cat.h" />
    <ClInclude Include="World\LoadingScene.h" />
    <ClInclude Include="Script\UI\LoadingUI\LoadingUI.h" />
    <ClInclude Include="Script\UI\LoadingUI\LoadingText.h" />
    <ClInclude Include="Script\Timer.h" />
    <ClInclude Include="Script\Object\Light\Light.h" />
    <ClInclude Include="Script\UI\ClearUI\ClearUI.h" />
    <ClInclude Include="Script\UI\ClearUI\ClearLogoUI.h" />
    <ClInclude Include="Script\Object\Human\HumanFSM\Idle_Human.h" />
    <ClInclude Include="Script\Object\Human\HumanFSM\Walk_Human.h" />
    <ClInclude Include="Script\Object\Human\HumanFSM\Run_Human.h" />
    <ClInclude Include="Script\Object\Human\HumanFSM\Surprise_Human.h" />
    <ClInclude Include="Script\Object\Human\HumanFSM\HumanFSMBase.h" />
    <ClInclude Include="Script\Object\InteractiveObject\DisposableObject\FallingObject.h" />
    <ClInclude Include="Script\Object\InteractiveObject\DisposableObject\NonFallingObject.h" />
  </ItemGroup>
  <ItemGroup>
    <Image Include="Asset\Sprite\UI\CreditBackground.png" />
    <Image Include="Asset\Sprite\UI\InGameGaugeSkill.png" />
    <Image Include="Asset\Sprite\UI\InGameHumanBox.png" />
    <Image Include="Asset\Sprite\UI\InGameSkill.png" />
    <Image Include="Asset\Sprite\UI\InGameSkillOff.png" />
    <Image Include="Asset\Sprite\UI\InGameSkillOn.png" />
    <Image Include="Asset\Sprite\UI\InGameTime.png" />
    <Image Include="Asset\Sprite\UI\IntroBackground.png" />
    <Image Include="Asset\Sprite\UI\map.png" />
    <Image Include="Asset\Sprite\UI\TitleBackground.png" />
    <Image Include="Asset\Sprite\UI\TitleLogo.png" />
    <Image Include="Asset\Sprite\UI\BGMVolumeBar.png" />
    <Image Include="Asset\Sprite\UI\PauseExit.png" />
    <Image Include="Asset\Sprite\UI\PauseImage.png" />
    <Image Include="Asset\Sprite\UI\PauseLogo.png" />
    <Image Include="Asset\Sprite\UI\SFXVolumeBar.png" />
    <Image Include="Asset\Sprite\UI\PauseRetry.png" />
    <Image Include="Asset\Sprite\UI\TestBackGround.png" />
    <Image Include="Asset\Sprite\UI\VolumeGaugeBar.png" />
  </ItemGroup>
  <ItemGroup>
    <None Include="ClassDiagram.cd" />
  </ItemGroup>
  <ItemGroup>
    <Font Include="Asset\Font\Galmuri11.ttf" />
  </ItemGroup>
</Project>